// !$*UTF8*$!
{
	archiveVersion = 1;
	classes = {
	};
	objectVersion = 46;
	objects = {

/* Begin PBXBuildFile section */
		FF2533911AA4FFB400DD79E0 /* libz.dylib in Frameworks */ = {isa = PBXBuildFile; fileRef = FF2533901AA4FFB400DD79E0 /* libz.dylib */; };
		FF2533931AA4FFBE00DD79E0 /* libsqlite3.dylib in Frameworks */ = {isa = PBXBuildFile; fileRef = FF2533921AA4FFBE00DD79E0 /* libsqlite3.dylib */; };
		FF3F04551A93F3390087E6BE /* my_logo.jpeg in Resources */ = {isa = PBXBuildFile; fileRef = FF3FFFD11A93F3380087E6BE /* my_logo.jpeg */; };
		FF7BA75B1A9D281800BCBC9C /* LoginViewController.m in Sources */ = {isa = PBXBuildFile; fileRef = FF7BA75A1A9D281800BCBC9C /* LoginViewController.m */; };
		FFB36F471A927DFC00FDD47D /* main.m in Sources */ = {isa = PBXBuildFile; fileRef = FFB36F461A927DFC00FDD47D /* main.m */; };
		FFB36F4A1A927DFC00FDD47D /* AppDelegate.m in Sources */ = {isa = PBXBuildFile; fileRef = FFB36F491A927DFC00FDD47D /* AppDelegate.m */; };
		FFB36F531A927DFC00FDD47D /* Main.storyboard in Resources */ = {isa = PBXBuildFile; fileRef = FFB36F511A927DFC00FDD47D /* Main.storyboard */; };
		FFB36F551A927DFC00FDD47D /* Images.xcassets in Resources */ = {isa = PBXBuildFile; fileRef = FFB36F541A927DFC00FDD47D /* Images.xcassets */; };
		FFB36F581A927DFC00FDD47D /* LaunchScreen.xib in Resources */ = {isa = PBXBuildFile; fileRef = FFB36F561A927DFC00FDD47D /* LaunchScreen.xib */; };
		FFB36F641A927DFC00FDD47D /* Shopping_With_FriendsTests.m in Sources */ = {isa = PBXBuildFile; fileRef = FFB36F631A927DFC00FDD47D /* Shopping_With_FriendsTests.m */; };
		FFBB71EA1ABA6A59005BE593 /* MainFeedViewController.m in Sources */ = {isa = PBXBuildFile; fileRef = FFBB71E91ABA6A59005BE593 /* MainFeedViewController.m */; };
		FFBB71F01ABA6AC4005BE593 /* FriendsListViewController.m in Sources */ = {isa = PBXBuildFile; fileRef = FFBB71EF1ABA6AC4005BE593 /* FriendsListViewController.m */; };
		FFD3F84F1AB8E04600BE12F4 /* RegistrationViewController.m in Sources */ = {isa = PBXBuildFile; fileRef = FFD3F84E1AB8E04600BE12F4 /* RegistrationViewController.m */; };
/* End PBXBuildFile section */

/* Begin PBXContainerItemProxy section */
		FFB36F5E1A927DFC00FDD47D /* PBXContainerItemProxy */ = {
			isa = PBXContainerItemProxy;
			containerPortal = FFB36F391A927DFC00FDD47D /* Project object */;
			proxyType = 1;
			remoteGlobalIDString = FFB36F401A927DFC00FDD47D;
			remoteInfo = "Shopping With Friends";
		};
/* End PBXContainerItemProxy section */

/* Begin PBXFileReference section */
		FF2533901AA4FFB400DD79E0 /* libz.dylib */ = {isa = PBXFileReference; lastKnownFileType = "compiled.mach-o.dylib"; name = libz.dylib; path = usr/lib/libz.dylib; sourceTree = SDKROOT; };
		FF2533921AA4FFBE00DD79E0 /* libsqlite3.dylib */ = {isa = PBXFileReference; lastKnownFileType = "compiled.mach-o.dylib"; name = libsqlite3.dylib; path = usr/lib/libsqlite3.dylib; sourceTree = SDKROOT; };
		FF3FFFD11A93F3380087E6BE /* my_logo.jpeg */ = {isa = PBXFileReference; lastKnownFileType = image.jpeg; name = my_logo.jpeg; path = "../../../../cs2340/app/src/main/res/drawable-xhdpi/my_logo.jpeg"; sourceTree = "<group>"; };
		FF7BA7591A9D281800BCBC9C /* LoginViewController.h */ = {isa = PBXFileReference; fileEncoding = 4; lastKnownFileType = sourcecode.c.h; path = LoginViewController.h; sourceTree = "<group>"; };
		FF7BA75A1A9D281800BCBC9C /* LoginViewController.m */ = {isa = PBXFileReference; fileEncoding = 4; lastKnownFileType = sourcecode.c.objc; path = LoginViewController.m; sourceTree = "<group>"; };
		FFB36F411A927DFC00FDD47D /* Shopping With Friends.app */ = {isa = PBXFileReference; explicitFileType = wrapper.application; includeInIndex = 0; path = "Shopping With Friends.app"; sourceTree = BUILT_PRODUCTS_DIR; };
		FFB36F451A927DFC00FDD47D /* Info.plist */ = {isa = PBXFileReference; lastKnownFileType = text.plist.xml; path = Info.plist; sourceTree = "<group>"; };
		FFB36F461A927DFC00FDD47D /* main.m */ = {isa = PBXFileReference; lastKnownFileType = sourcecode.c.objc; path = main.m; sourceTree = "<group>"; };
		FFB36F481A927DFC00FDD47D /* AppDelegate.h */ = {isa = PBXFileReference; lastKnownFileType = sourcecode.c.h; path = AppDelegate.h; sourceTree = "<group>"; };
		FFB36F491A927DFC00FDD47D /* AppDelegate.m */ = {isa = PBXFileReference; lastKnownFileType = sourcecode.c.objc; path = AppDelegate.m; sourceTree = "<group>"; };
		FFB36F521A927DFC00FDD47D /* Base */ = {isa = PBXFileReference; lastKnownFileType = file.storyboard; name = Base; path = Base.lproj/Main.storyboard; sourceTree = "<group>"; };
		FFB36F541A927DFC00FDD47D /* Images.xcassets */ = {isa = PBXFileReference; lastKnownFileType = folder.assetcatalog; path = Images.xcassets; sourceTree = "<group>"; };
		FFB36F571A927DFC00FDD47D /* Base */ = {isa = PBXFileReference; lastKnownFileType = file.xib; name = Base; path = Base.lproj/LaunchScreen.xib; sourceTree = "<group>"; };
		FFB36F5D1A927DFC00FDD47D /* Shopping With FriendsTests.xctest */ = {isa = PBXFileReference; explicitFileType = wrapper.cfbundle; includeInIndex = 0; path = "Shopping With FriendsTests.xctest"; sourceTree = BUILT_PRODUCTS_DIR; };
		FFB36F621A927DFC00FDD47D /* Info.plist */ = {isa = PBXFileReference; lastKnownFileType = text.plist.xml; path = Info.plist; sourceTree = "<group>"; };
		FFB36F631A927DFC00FDD47D /* Shopping_With_FriendsTests.m */ = {isa = PBXFileReference; lastKnownFileType = sourcecode.c.objc; path = Shopping_With_FriendsTests.m; sourceTree = "<group>"; };
		FFBB71E81ABA6A59005BE593 /* MainFeedViewController.h */ = {isa = PBXFileReference; fileEncoding = 4; lastKnownFileType = sourcecode.c.h; path = MainFeedViewController.h; sourceTree = "<group>"; };
		FFBB71E91ABA6A59005BE593 /* MainFeedViewController.m */ = {isa = PBXFileReference; fileEncoding = 4; lastKnownFileType = sourcecode.c.objc; path = MainFeedViewController.m; sourceTree = "<group>"; };
		FFBB71EE1ABA6AC4005BE593 /* FriendsListViewController.h */ = {isa = PBXFileReference; fileEncoding = 4; lastKnownFileType = sourcecode.c.h; path = FriendsListViewController.h; sourceTree = "<group>"; };
		FFBB71EF1ABA6AC4005BE593 /* FriendsListViewController.m */ = {isa = PBXFileReference; fileEncoding = 4; lastKnownFileType = sourcecode.c.objc; path = FriendsListViewController.m; sourceTree = "<group>"; };
		FFD3F84D1AB8E04600BE12F4 /* RegistrationViewController.h */ = {isa = PBXFileReference; fileEncoding = 4; lastKnownFileType = sourcecode.c.h; name = RegistrationViewController.h; path = ../RegistrationViewController.h; sourceTree = "<group>"; };
		FFD3F84E1AB8E04600BE12F4 /* RegistrationViewController.m */ = {isa = PBXFileReference; fileEncoding = 4; lastKnownFileType = sourcecode.c.objc; name = RegistrationViewController.m; path = ../RegistrationViewController.m; sourceTree = "<group>"; };
/* End PBXFileReference section */

/* Begin PBXFrameworksBuildPhase section */
		FFB36F3E1A927DFC00FDD47D /* Frameworks */ = {
			isa = PBXFrameworksBuildPhase;
			buildActionMask = 2147483647;
			files = (
				FF2533931AA4FFBE00DD79E0 /* libsqlite3.dylib in Frameworks */,
				FF2533911AA4FFB400DD79E0 /* libz.dylib in Frameworks */,
			);
			runOnlyForDeploymentPostprocessing = 0;
		};
		FFB36F5A1A927DFC00FDD47D /* Frameworks */ = {
			isa = PBXFrameworksBuildPhase;
			buildActionMask = 2147483647;
			files = (
			);
			runOnlyForDeploymentPostprocessing = 0;
		};
/* End PBXFrameworksBuildPhase section */

/* Begin PBXGroup section */
		FFB36F381A927DFC00FDD47D = {
			isa = PBXGroup;
			children = (
				FF2533921AA4FFBE00DD79E0 /* libsqlite3.dylib */,
				FF2533901AA4FFB400DD79E0 /* libz.dylib */,
				FFB36F431A927DFC00FDD47D /* Shopping With Friends */,
				FFB36F601A927DFC00FDD47D /* Shopping With FriendsTests */,
				FFB36F421A927DFC00FDD47D /* Products */,
			);
			sourceTree = "<group>";
		};
		FFB36F421A927DFC00FDD47D /* Products */ = {
			isa = PBXGroup;
			children = (
				FFB36F411A927DFC00FDD47D /* Shopping With Friends.app */,
				FFB36F5D1A927DFC00FDD47D /* Shopping With FriendsTests.xctest */,
			);
			name = Products;
			sourceTree = "<group>";
		};
		FFB36F431A927DFC00FDD47D /* Shopping With Friends */ = {
			isa = PBXGroup;
			children = (
				FFB36F511A927DFC00FDD47D /* Main.storyboard */,
				FFBB71EE1ABA6AC4005BE593 /* FriendsListViewController.h */,
				FFBB71EF1ABA6AC4005BE593 /* FriendsListViewController.m */,
				FFBB71E81ABA6A59005BE593 /* MainFeedViewController.h */,
				FFBB71E91ABA6A59005BE593 /* MainFeedViewController.m */,
				FFD3F84D1AB8E04600BE12F4 /* RegistrationViewController.h */,
				FFD3F84E1AB8E04600BE12F4 /* RegistrationViewController.m */,
				FFB36F481A927DFC00FDD47D /* AppDelegate.h */,
				FFB36F491A927DFC00FDD47D /* AppDelegate.m */,
				FF7BA7591A9D281800BCBC9C /* LoginViewController.h */,
				FF7BA75A1A9D281800BCBC9C /* LoginViewController.m */,
				FFB36F541A927DFC00FDD47D /* Images.xcassets */,
				FF3FFFD11A93F3380087E6BE /* my_logo.jpeg */,
				FFB36F561A927DFC00FDD47D /* LaunchScreen.xib */,
				FFB36F441A927DFC00FDD47D /* Supporting Files */,
			);
			path = "Shopping With Friends";
			sourceTree = "<group>";
		};
		FFB36F441A927DFC00FDD47D /* Supporting Files */ = {
			isa = PBXGroup;
			children = (
				FFB36F451A927DFC00FDD47D /* Info.plist */,
				FFB36F461A927DFC00FDD47D /* main.m */,
			);
			name = "Supporting Files";
			sourceTree = "<group>";
		};
		FFB36F601A927DFC00FDD47D /* Shopping With FriendsTests */ = {
			isa = PBXGroup;
			children = (
				FFB36F631A927DFC00FDD47D /* Shopping_With_FriendsTests.m */,
				FFB36F611A927DFC00FDD47D /* Supporting Files */,
			);
			path = "Shopping With FriendsTests";
			sourceTree = "<group>";
		};
		FFB36F611A927DFC00FDD47D /* Supporting Files */ = {
			isa = PBXGroup;
			children = (
				FFB36F621A927DFC00FDD47D /* Info.plist */,
			);
			name = "Supporting Files";
			sourceTree = "<group>";
		};
/* End PBXGroup section */

/* Begin PBXNativeTarget section */
		FFB36F401A927DFC00FDD47D /* Shopping With Friends */ = {
			isa = PBXNativeTarget;
			buildConfigurationList = FFB36F671A927DFC00FDD47D /* Build configuration list for PBXNativeTarget "Shopping With Friends" */;
			buildPhases = (
				FFB36F3D1A927DFC00FDD47D /* Sources */,
				FFB36F3E1A927DFC00FDD47D /* Frameworks */,
				FFB36F3F1A927DFC00FDD47D /* Resources */,
			);
			buildRules = (
			);
			dependencies = (
			);
			name = "Shopping With Friends";
			productName = "Shopping With Friends";
			productReference = FFB36F411A927DFC00FDD47D /* Shopping With Friends.app */;
			productType = "com.apple.product-type.application";
		};
		FFB36F5C1A927DFC00FDD47D /* Shopping With FriendsTests */ = {
			isa = PBXNativeTarget;
			buildConfigurationList = FFB36F6A1A927DFC00FDD47D /* Build configuration list for PBXNativeTarget "Shopping With FriendsTests" */;
			buildPhases = (
				FFB36F591A927DFC00FDD47D /* Sources */,
				FFB36F5A1A927DFC00FDD47D /* Frameworks */,
				FFB36F5B1A927DFC00FDD47D /* Resources */,
			);
			buildRules = (
			);
			dependencies = (
				FFB36F5F1A927DFC00FDD47D /* PBXTargetDependency */,
			);
			name = "Shopping With FriendsTests";
			productName = "Shopping With FriendsTests";
			productReference = FFB36F5D1A927DFC00FDD47D /* Shopping With FriendsTests.xctest */;
			productType = "com.apple.product-type.bundle.unit-test";
		};
/* End PBXNativeTarget section */

/* Begin PBXProject section */
		FFB36F391A927DFC00FDD47D /* Project object */ = {
			isa = PBXProject;
			attributes = {
				LastUpgradeCheck = 0610;
				ORGANIZATIONNAME = CS2340;
				TargetAttributes = {
					FFB36F401A927DFC00FDD47D = {
						CreatedOnToolsVersion = 6.1.1;
						DevelopmentTeam = 2S3D8J8M3T;
					};
					FFB36F5C1A927DFC00FDD47D = {
						CreatedOnToolsVersion = 6.1.1;
						TestTargetID = FFB36F401A927DFC00FDD47D;
					};
				};
			};
			buildConfigurationList = FFB36F3C1A927DFC00FDD47D /* Build configuration list for PBXProject "Shopping With Friends" */;
			compatibilityVersion = "Xcode 3.2";
			developmentRegion = English;
			hasScannedForEncodings = 0;
			knownRegions = (
				en,
				Base,
			);
			mainGroup = FFB36F381A927DFC00FDD47D;
			productRefGroup = FFB36F421A927DFC00FDD47D /* Products */;
			projectDirPath = "";
			projectRoot = "";
			targets = (
				FFB36F401A927DFC00FDD47D /* Shopping With Friends */,
				FFB36F5C1A927DFC00FDD47D /* Shopping With FriendsTests */,
			);
		};
/* End PBXProject section */

/* Begin PBXResourcesBuildPhase section */
		FFB36F3F1A927DFC00FDD47D /* Resources */ = {
			isa = PBXResourcesBuildPhase;
			buildActionMask = 2147483647;
			files = (
				FF3F04551A93F3390087E6BE /* my_logo.jpeg in Resources */,
				FFB36F531A927DFC00FDD47D /* Main.storyboard in Resources */,
				FFB36F581A927DFC00FDD47D /* LaunchScreen.xib in Resources */,
				FFB36F551A927DFC00FDD47D /* Images.xcassets in Resources */,
			);
			runOnlyForDeploymentPostprocessing = 0;
		};
		FFB36F5B1A927DFC00FDD47D /* Resources */ = {
			isa = PBXResourcesBuildPhase;
			buildActionMask = 2147483647;
			files = (
			);
			runOnlyForDeploymentPostprocessing = 0;
		};
/* End PBXResourcesBuildPhase section */

/* Begin PBXSourcesBuildPhase section */
		FFB36F3D1A927DFC00FDD47D /* Sources */ = {
			isa = PBXSourcesBuildPhase;
			buildActionMask = 2147483647;
			files = (
				FFBB71F01ABA6AC4005BE593 /* FriendsListViewController.m in Sources */,
				FFB36F4A1A927DFC00FDD47D /* AppDelegate.m in Sources */,
				FFD3F84F1AB8E04600BE12F4 /* RegistrationViewController.m in Sources */,
				FFB36F471A927DFC00FDD47D /* main.m in Sources */,
				FF7BA75B1A9D281800BCBC9C /* LoginViewController.m in Sources */,
				FFBB71EA1ABA6A59005BE593 /* MainFeedViewController.m in Sources */,
			);
			runOnlyForDeploymentPostprocessing = 0;
		};
		FFB36F591A927DFC00FDD47D /* Sources */ = {
			isa = PBXSourcesBuildPhase;
			buildActionMask = 2147483647;
			files = (
				FFB36F641A927DFC00FDD47D /* Shopping_With_FriendsTests.m in Sources */,
			);
			runOnlyForDeploymentPostprocessing = 0;
		};
/* End PBXSourcesBuildPhase section */

/* Begin PBXTargetDependency section */
		FFB36F5F1A927DFC00FDD47D /* PBXTargetDependency */ = {
			isa = PBXTargetDependency;
			target = FFB36F401A927DFC00FDD47D /* Shopping With Friends */;
			targetProxy = FFB36F5E1A927DFC00FDD47D /* PBXContainerItemProxy */;
		};
/* End PBXTargetDependency section */

/* Begin PBXVariantGroup section */
		FFB36F511A927DFC00FDD47D /* Main.storyboard */ = {
			isa = PBXVariantGroup;
			children = (
				FFB36F521A927DFC00FDD47D /* Base */,
			);
			name = Main.storyboard;
			sourceTree = "<group>";
		};
		FFB36F561A927DFC00FDD47D /* LaunchScreen.xib */ = {
			isa = PBXVariantGroup;
			children = (
				FFB36F571A927DFC00FDD47D /* Base */,
			);
			name = LaunchScreen.xib;
			sourceTree = "<group>";
		};
/* End PBXVariantGroup section */

/* Begin XCBuildConfiguration section */
		FFB36F651A927DFC00FDD47D /* Debug */ = {
			isa = XCBuildConfiguration;
			buildSettings = {
				ALWAYS_SEARCH_USER_PATHS = NO;
				CLANG_CXX_LANGUAGE_STANDARD = "gnu++0x";
				CLANG_CXX_LIBRARY = "libc++";
				CLANG_ENABLE_MODULES = YES;
				CLANG_ENABLE_OBJC_ARC = YES;
				CLANG_WARN_BOOL_CONVERSION = YES;
				CLANG_WARN_CONSTANT_CONVERSION = YES;
				CLANG_WARN_DIRECT_OBJC_ISA_USAGE = YES_ERROR;
				CLANG_WARN_EMPTY_BODY = YES;
				CLANG_WARN_ENUM_CONVERSION = YES;
				CLANG_WARN_INT_CONVERSION = YES;
				CLANG_WARN_OBJC_ROOT_CLASS = YES_ERROR;
				CLANG_WARN_UNREACHABLE_CODE = YES;
				CLANG_WARN__DUPLICATE_METHOD_MATCH = YES;
				"CODE_SIGN_IDENTITY[sdk=iphoneos*]" = "iPhone Developer";
				COPY_PHASE_STRIP = NO;
				ENABLE_STRICT_OBJC_MSGSEND = YES;
				GCC_C_LANGUAGE_STANDARD = gnu99;
				GCC_DYNAMIC_NO_PIC = NO;
				GCC_OPTIMIZATION_LEVEL = 0;
				GCC_PREPROCESSOR_DEFINITIONS = (
					"DEBUG=1",
					"$(inherited)",
				);
				GCC_SYMBOLS_PRIVATE_EXTERN = NO;
				GCC_WARN_64_TO_32_BIT_CONVERSION = YES;
				GCC_WARN_ABOUT_RETURN_TYPE = YES_ERROR;
				GCC_WARN_UNDECLARED_SELECTOR = YES;
				GCC_WARN_UNINITIALIZED_AUTOS = YES_AGGRESSIVE;
				GCC_WARN_UNUSED_FUNCTION = YES;
				GCC_WARN_UNUSED_VARIABLE = YES;
				IPHONEOS_DEPLOYMENT_TARGET = 8.1;
				MTL_ENABLE_DEBUG_INFO = YES;
				ONLY_ACTIVE_ARCH = YES;
				SDKROOT = iphoneos;
			};
			name = Debug;
		};
		FFB36F661A927DFC00FDD47D /* Release */ = {
			isa = XCBuildConfiguration;
			buildSettings = {
				ALWAYS_SEARCH_USER_PATHS = NO;
				CLANG_CXX_LANGUAGE_STANDARD = "gnu++0x";
				CLANG_CXX_LIBRARY = "libc++";
				CLANG_ENABLE_MODULES = YES;
				CLANG_ENABLE_OBJC_ARC = YES;
				CLANG_WARN_BOOL_CONVERSION = YES;
				CLANG_WARN_CONSTANT_CONVERSION = YES;
				CLANG_WARN_DIRECT_OBJC_ISA_USAGE = YES_ERROR;
				CLANG_WARN_EMPTY_BODY = YES;
				CLANG_WARN_ENUM_CONVERSION = YES;
				CLANG_WARN_INT_CONVERSION = YES;
				CLANG_WARN_OBJC_ROOT_CLASS = YES_ERROR;
				CLANG_WARN_UNREACHABLE_CODE = YES;
				CLANG_WARN__DUPLICATE_METHOD_MATCH = YES;
				"CODE_SIGN_IDENTITY[sdk=iphoneos*]" = "iPhone Developer";
				COPY_PHASE_STRIP = YES;
				ENABLE_NS_ASSERTIONS = NO;
				ENABLE_STRICT_OBJC_MSGSEND = YES;
				GCC_C_LANGUAGE_STANDARD = gnu99;
				GCC_WARN_64_TO_32_BIT_CONVERSION = YES;
				GCC_WARN_ABOUT_RETURN_TYPE = YES_ERROR;
				GCC_WARN_UNDECLARED_SELECTOR = YES;
				GCC_WARN_UNINITIALIZED_AUTOS = YES_AGGRESSIVE;
				GCC_WARN_UNUSED_FUNCTION = YES;
				GCC_WARN_UNUSED_VARIABLE = YES;
				IPHONEOS_DEPLOYMENT_TARGET = 8.1;
				MTL_ENABLE_DEBUG_INFO = NO;
				SDKROOT = iphoneos;
				VALIDATE_PRODUCT = YES;
			};
			name = Release;
		};
		FFB36F681A927DFC00FDD47D /* Debug */ = {
			isa = XCBuildConfiguration;
			buildSettings = {
				ASSETCATALOG_COMPILER_APPICON_NAME = AppIcon;
				FRAMEWORK_SEARCH_PATHS = (
					"$(inherited)",
					"$(PROJECT_DIR)/parse-library-1.6.3",
				);
				INFOPLIST_FILE = "Shopping With Friends/Info.plist";
				LD_RUNPATH_SEARCH_PATHS = "$(inherited) @executable_path/Frameworks";
				PRODUCT_NAME = "$(TARGET_NAME)";
			};
			name = Debug;
		};
		FFB36F691A927DFC00FDD47D /* Release */ = {
			isa = XCBuildConfiguration;
			buildSettings = {
				ASSETCATALOG_COMPILER_APPICON_NAME = AppIcon;
				FRAMEWORK_SEARCH_PATHS = (
					"$(inherited)",
					"$(PROJECT_DIR)/parse-library-1.6.3",
				);
				INFOPLIST_FILE = "Shopping With Friends/Info.plist";
				LD_RUNPATH_SEARCH_PATHS = "$(inherited) @executable_path/Frameworks";
				PRODUCT_NAME = "$(TARGET_NAME)";
			};
			name = Release;
		};
		FFB36F6B1A927DFC00FDD47D /* Debug */ = {
			isa = XCBuildConfiguration;
			buildSettings = {
				BUNDLE_LOADER = "$(TEST_HOST)";
				FRAMEWORK_SEARCH_PATHS = (
					"$(SDKROOT)/Developer/Library/Frameworks",
					"$(inherited)",
					"$(PROJECT_DIR)/parse-library-1.6.3",
				);
				GCC_PREPROCESSOR_DEFINITIONS = (
					"DEBUG=1",
					"$(inherited)",
				);
				INFOPLIST_FILE = "Shopping With FriendsTests/Info.plist";
				LD_RUNPATH_SEARCH_PATHS = "$(inherited) @executable_path/Frameworks @loader_path/Frameworks";
				PRODUCT_NAME = "$(TARGET_NAME)";
				TEST_HOST = "$(BUILT_PRODUCTS_DIR)/Shopping With Friends.app/Shopping With Friends";
			};
			name = Debug;
		};
		FFB36F6C1A927DFC00FDD47D /* Release */ = {
			isa = XCBuildConfiguration;
			buildSettings = {
				BUNDLE_LOADER = "$(TEST_HOST)";
				FRAMEWORK_SEARCH_PATHS = (
					"$(SDKROOT)/Developer/Library/Frameworks",
					"$(inherited)",
					"$(PROJECT_DIR)/parse-library-1.6.3",
				);
				INFOPLIST_FILE = "Shopping With FriendsTests/Info.plist";
				LD_RUNPATH_SEARCH_PATHS = "$(inherited) @executable_path/Frameworks @loader_path/Frameworks";
				PRODUCT_NAME = "$(TARGET_NAME)";
				TEST_HOST = "$(BUILT_PRODUCTS_DIR)/Shopping With Friends.app/Shopping With Friends";
			};
			name = Release;
		};
/* End XCBuildConfiguration section */

/* Begin XCConfigurationList section */
		FFB36F3C1A927DFC00FDD47D /* Build configuration list for PBXProject "Shopping With Friends" */ = {
			isa = XCConfigurationList;
			buildConfigurations = (
				FFB36F651A927DFC00FDD47D /* Debug */,
				FFB36F661A927DFC00FDD47D /* Release */,
			);
			defaultConfigurationIsVisible = 0;
			defaultConfigurationName = Release;
		};
		FFB36F671A927DFC00FDD47D /* Build configuration list for PBXNativeTarget "Shopping With Friends" */ = {
			isa = XCConfigurationList;
			buildConfigurations = (
				FFB36F681A927DFC00FDD47D /* Debug */,
				FFB36F691A927DFC00FDD47D /* Release */,
			);
			defaultConfigurationIsVisible = 0;
			defaultConfigurationName = Release;
		};
		FFB36F6A1A927DFC00FDD47D /* Build configuration list for PBXNativeTarget "Shopping With FriendsTests" */ = {
			isa = XCConfigurationList;
			buildConfigurations = (
				FFB36F6B1A927DFC00FDD47D /* Debug */,
				FFB36F6C1A927DFC00FDD47D /* Release */,
			);
			defaultConfigurationIsVisible = 0;
			defaultConfigurationName = Release;
		};
/* End XCConfigurationList section */
	};
	rootObject = FFB36F391A927DFC00FDD47D /* Project object */;
}
